
Microsoft Visual Studio Solution File, Format Version 12.00
# Visual Studio Version 16
VisualStudioVersion = 16.0.29613.14
MinimumVisualStudioVersion = 10.0.40219.1
Project("{8BC9CEB8-8B4A-11D0-8D11-00A0C91BC942}") = "Simutrans-Extended", "Simutrans-Extended.vcxproj", "{0621B295-BEB7-4767-82F1-F27995610323}"
EndProject
Project("{8BC9CEB8-8B4A-11D0-8D11-00A0C91BC942}") = "Makeobj-Extended", "Makeobj-Extended.vcxproj", "{9944405A-74A3-443D-83A6-F4B9DBE23DB2}"
EndProject
Project("{8BC9CEB8-8B4A-11D0-8D11-00A0C91BC942}") = "Nettool-Extended", "Nettool.vcxproj", "{F6C54DC9-69F2-4897-87E9-2A4A9FB9F643}"
EndProject
Global
	GlobalSection(SolutionConfigurationPlatforms) = preSolution
		Debug (headless server)|x64 = Debug (headless server)|x64
		Debug (headless server)|x86 = Debug (headless server)|x86
		Debug (no randomness)|x64 = Debug (no randomness)|x64
		Debug (no randomness)|x86 = Debug (no randomness)|x86
		Debug (OpenGL)|x64 = Debug (OpenGL)|x64
		Debug (OpenGL)|x86 = Debug (OpenGL)|x86
		Debug (Optimised)|x64 = Debug (Optimised)|x64
		Debug (Optimised)|x86 = Debug (Optimised)|x86
		Debug (SDL)|x64 = Debug (SDL)|x64
		Debug (SDL)|x86 = Debug (SDL)|x86
		Debug (SDL2)|x64 = Debug (SDL2)|x64
		Debug (SDL2)|x86 = Debug (SDL2)|x86
		Debug (single threaded)|x64 = Debug (single threaded)|x64
		Debug (single threaded)|x86 = Debug (single threaded)|x86
		Debug|x64 = Debug|x64
		Debug|x86 = Debug|x86
		Dr. Memory|x64 = Dr. Memory|x64
		Dr. Memory|x86 = Dr. Memory|x86
		Release (headless server)|x64 = Release (headless server)|x64
		Release (headless server)|x86 = Release (headless server)|x86
		Release (OpenGL)|x64 = Release (OpenGL)|x64
		Release (OpenGL)|x86 = Release (OpenGL)|x86
		Release (SDL)|x64 = Release (SDL)|x64
		Release (SDL)|x86 = Release (SDL)|x86
		Release (single threaded)|x64 = Release (single threaded)|x64
		Release (single threaded)|x86 = Release (single threaded)|x86
		Release|x64 = Release|x64
		Release|x86 = Release|x86
	EndGlobalSection
	GlobalSection(ProjectConfigurationPlatforms) = postSolution
		{0621B295-BEB7-4767-82F1-F27995610323}.Debug (headless server)|x64.ActiveCfg = Release|Win32
		{0621B295-BEB7-4767-82F1-F27995610323}.Debug (headless server)|x64.Build.0 = Release|Win32
		{0621B295-BEB7-4767-82F1-F27995610323}.Debug (headless server)|x86.ActiveCfg = Release|Win32
		{0621B295-BEB7-4767-82F1-F27995610323}.Debug (headless server)|x86.Build.0 = Release|Win32
		{0621B295-BEB7-4767-82F1-F27995610323}.Debug (no randomness)|x64.ActiveCfg = Release|Win32
		{0621B295-BEB7-4767-82F1-F27995610323}.Debug (no randomness)|x64.Build.0 = Release|Win32
		{0621B295-BEB7-4767-82F1-F27995610323}.Debug (no randomness)|x86.ActiveCfg = Release|Win32
		{0621B295-BEB7-4767-82F1-F27995610323}.Debug (no randomness)|x86.Build.0 = Release|Win32
		{0621B295-BEB7-4767-82F1-F27995610323}.Debug (OpenGL)|x64.ActiveCfg = Release|Win32
		{0621B295-BEB7-4767-82F1-F27995610323}.Debug (OpenGL)|x64.Build.0 = Release|Win32
		{0621B295-BEB7-4767-82F1-F27995610323}.Debug (OpenGL)|x86.ActiveCfg = Release|Win32
		{0621B295-BEB7-4767-82F1-F27995610323}.Debug (OpenGL)|x86.Build.0 = Release|Win32
		{0621B295-BEB7-4767-82F1-F27995610323}.Debug (Optimised)|x64.ActiveCfg = Release|Win32
		{0621B295-BEB7-4767-82F1-F27995610323}.Debug (Optimised)|x64.Build.0 = Release|Win32
		{0621B295-BEB7-4767-82F1-F27995610323}.Debug (Optimised)|x86.ActiveCfg = Release|Win32
		{0621B295-BEB7-4767-82F1-F27995610323}.Debug (Optimised)|x86.Build.0 = Release|Win32
		{0621B295-BEB7-4767-82F1-F27995610323}.Debug (SDL)|x64.ActiveCfg = Release|Win32
		{0621B295-BEB7-4767-82F1-F27995610323}.Debug (SDL)|x64.Build.0 = Release|Win32
		{0621B295-BEB7-4767-82F1-F27995610323}.Debug (SDL)|x86.ActiveCfg = Release|Win32
		{0621B295-BEB7-4767-82F1-F27995610323}.Debug (SDL)|x86.Build.0 = Release|Win32
		{0621B295-BEB7-4767-82F1-F27995610323}.Debug (SDL2)|x64.ActiveCfg = Release|Win32
		{0621B295-BEB7-4767-82F1-F27995610323}.Debug (SDL2)|x64.Build.0 = Release|Win32
		{0621B295-BEB7-4767-82F1-F27995610323}.Debug (SDL2)|x86.ActiveCfg = Release|Win32
		{0621B295-BEB7-4767-82F1-F27995610323}.Debug (SDL2)|x86.Build.0 = Release|Win32
		{0621B295-BEB7-4767-82F1-F27995610323}.Debug (single threaded)|x64.ActiveCfg = Release|Win32
		{0621B295-BEB7-4767-82F1-F27995610323}.Debug (single threaded)|x64.Build.0 = Release|Win32
		{0621B295-BEB7-4767-82F1-F27995610323}.Debug (single threaded)|x86.ActiveCfg = Release|Win32
		{0621B295-BEB7-4767-82F1-F27995610323}.Debug (single threaded)|x86.Build.0 = Release|Win32
		{0621B295-BEB7-4767-82F1-F27995610323}.Debug|x64.ActiveCfg = Release|Win32
		{0621B295-BEB7-4767-82F1-F27995610323}.Debug|x64.Build.0 = Release|Win32
		{0621B295-BEB7-4767-82F1-F27995610323}.Debug|x86.ActiveCfg = Release|Win32
		{0621B295-BEB7-4767-82F1-F27995610323}.Debug|x86.Build.0 = Release|Win32
		{0621B295-BEB7-4767-82F1-F27995610323}.Dr. Memory|x64.ActiveCfg = Release|Win32
		{0621B295-BEB7-4767-82F1-F27995610323}.Dr. Memory|x64.Build.0 = Release|Win32
		{0621B295-BEB7-4767-82F1-F27995610323}.Dr. Memory|x86.ActiveCfg = Release|Win32
		{0621B295-BEB7-4767-82F1-F27995610323}.Dr. Memory|x86.Build.0 = Release|Win32
		{0621B295-BEB7-4767-82F1-F27995610323}.Release (headless server)|x64.ActiveCfg = Release|Win32
		{0621B295-BEB7-4767-82F1-F27995610323}.Release (headless server)|x64.Build.0 = Release|Win32
		{0621B295-BEB7-4767-82F1-F27995610323}.Release (headless server)|x86.ActiveCfg = Release|Win32
		{0621B295-BEB7-4767-82F1-F27995610323}.Release (headless server)|x86.Build.0 = Release|Win32
		{0621B295-BEB7-4767-82F1-F27995610323}.Release (OpenGL)|x64.ActiveCfg = Release|Win32
		{0621B295-BEB7-4767-82F1-F27995610323}.Release (OpenGL)|x64.Build.0 = Release|Win32
		{0621B295-BEB7-4767-82F1-F27995610323}.Release (OpenGL)|x86.ActiveCfg = Release|Win32
		{0621B295-BEB7-4767-82F1-F27995610323}.Release (OpenGL)|x86.Build.0 = Release|Win32
		{0621B295-BEB7-4767-82F1-F27995610323}.Release (SDL)|x64.ActiveCfg = Release|Win32
		{0621B295-BEB7-4767-82F1-F27995610323}.Release (SDL)|x64.Build.0 = Release|Win32
		{0621B295-BEB7-4767-82F1-F27995610323}.Release (SDL)|x86.ActiveCfg = Release|Win32
		{0621B295-BEB7-4767-82F1-F27995610323}.Release (SDL)|x86.Build.0 = Release|Win32
		{0621B295-BEB7-4767-82F1-F27995610323}.Release (single threaded)|x64.ActiveCfg = Release|Win32
		{0621B295-BEB7-4767-82F1-F27995610323}.Release (single threaded)|x64.Build.0 = Release|Win32
		{0621B295-BEB7-4767-82F1-F27995610323}.Release (single threaded)|x86.ActiveCfg = Release|Win32
		{0621B295-BEB7-4767-82F1-F27995610323}.Release (single threaded)|x86.Build.0 = Release|Win32
		{0621B295-BEB7-4767-82F1-F27995610323}.Release|x64.ActiveCfg = Release|Win32
		{0621B295-BEB7-4767-82F1-F27995610323}.Release|x64.Build.0 = Release|Win32
		{0621B295-BEB7-4767-82F1-F27995610323}.Release|x86.ActiveCfg = Release|Win32
		{0621B295-BEB7-4767-82F1-F27995610323}.Release|x86.Build.0 = Release|Win32
		{9944405A-74A3-443D-83A6-F4B9DBE23DB2}.Debug (headless server)|x64.ActiveCfg = Debug|Win32
		{9944405A-74A3-443D-83A6-F4B9DBE23DB2}.Debug (headless server)|x64.Build.0 = Debug|Win32
		{9944405A-74A3-443D-83A6-F4B9DBE23DB2}.Debug (headless server)|x86.ActiveCfg = Debug|Win32
		{9944405A-74A3-443D-83A6-F4B9DBE23DB2}.Debug (headless server)|x86.Build.0 = Debug|Win32
		{9944405A-74A3-443D-83A6-F4B9DBE23DB2}.Debug (no randomness)|x64.ActiveCfg = Debug|Win32
		{9944405A-74A3-443D-83A6-F4B9DBE23DB2}.Debug (no randomness)|x64.Build.0 = Debug|Win32
		{9944405A-74A3-443D-83A6-F4B9DBE23DB2}.Debug (no randomness)|x86.ActiveCfg = Debug|Win32
		{9944405A-74A3-443D-83A6-F4B9DBE23DB2}.Debug (no randomness)|x86.Build.0 = Debug|Win32
		{9944405A-74A3-443D-83A6-F4B9DBE23DB2}.Debug (OpenGL)|x64.ActiveCfg = Debug|Win32
		{9944405A-74A3-443D-83A6-F4B9DBE23DB2}.Debug (OpenGL)|x64.Build.0 = Debug|Win32
		{9944405A-74A3-443D-83A6-F4B9DBE23DB2}.Debug (OpenGL)|x86.ActiveCfg = Debug|Win32
		{9944405A-74A3-443D-83A6-F4B9DBE23DB2}.Debug (OpenGL)|x86.Build.0 = Debug|Win32
		{9944405A-74A3-443D-83A6-F4B9DBE23DB2}.Debug (Optimised)|x64.ActiveCfg = Debug|Win32
		{9944405A-74A3-443D-83A6-F4B9DBE23DB2}.Debug (Optimised)|x64.Build.0 = Debug|Win32
		{9944405A-74A3-443D-83A6-F4B9DBE23DB2}.Debug (Optimised)|x86.ActiveCfg = Debug|Win32
		{9944405A-74A3-443D-83A6-F4B9DBE23DB2}.Debug (Optimised)|x86.Build.0 = Debug|Win32
		{9944405A-74A3-443D-83A6-F4B9DBE23DB2}.Debug (SDL)|x64.ActiveCfg = Debug|Win32
		{9944405A-74A3-443D-83A6-F4B9DBE23DB2}.Debug (SDL)|x64.Build.0 = Debug|Win32
		{9944405A-74A3-443D-83A6-F4B9DBE23DB2}.Debug (SDL)|x86.ActiveCfg = Debug|Win32
		{9944405A-74A3-443D-83A6-F4B9DBE23DB2}.Debug (SDL)|x86.Build.0 = Debug|Win32
		{9944405A-74A3-443D-83A6-F4B9DBE23DB2}.Debug (SDL2)|x64.ActiveCfg = Debug|Win32
		{9944405A-74A3-443D-83A6-F4B9DBE23DB2}.Debug (SDL2)|x64.Build.0 = Debug|Win32
		{9944405A-74A3-443D-83A6-F4B9DBE23DB2}.Debug (SDL2)|x86.ActiveCfg = Debug|Win32
		{9944405A-74A3-443D-83A6-F4B9DBE23DB2}.Debug (SDL2)|x86.Build.0 = Debug|Win32
		{9944405A-74A3-443D-83A6-F4B9DBE23DB2}.Debug (single threaded)|x64.ActiveCfg = Debug|Win32
		{9944405A-74A3-443D-83A6-F4B9DBE23DB2}.Debug (single threaded)|x64.Build.0 = Debug|Win32
		{9944405A-74A3-443D-83A6-F4B9DBE23DB2}.Debug (single threaded)|x86.ActiveCfg = Debug|Win32
		{9944405A-74A3-443D-83A6-F4B9DBE23DB2}.Debug (single threaded)|x86.Build.0 = Debug|Win32
		{9944405A-74A3-443D-83A6-F4B9DBE23DB2}.Debug|x64.ActiveCfg = Debug|Win32
		{9944405A-74A3-443D-83A6-F4B9DBE23DB2}.Debug|x64.Build.0 = Debug|Win32
		{9944405A-74A3-443D-83A6-F4B9DBE23DB2}.Debug|x86.ActiveCfg = Debug|Win32
		{9944405A-74A3-443D-83A6-F4B9DBE23DB2}.Debug|x86.Build.0 = Debug|Win32
		{9944405A-74A3-443D-83A6-F4B9DBE23DB2}.Dr. Memory|x64.ActiveCfg = Debug|Win32
		{9944405A-74A3-443D-83A6-F4B9DBE23DB2}.Dr. Memory|x64.Build.0 = Debug|Win32
		{9944405A-74A3-443D-83A6-F4B9DBE23DB2}.Dr. Memory|x86.ActiveCfg = Debug|Win32
		{9944405A-74A3-443D-83A6-F4B9DBE23DB2}.Dr. Memory|x86.Build.0 = Debug|Win32
		{9944405A-74A3-443D-83A6-F4B9DBE23DB2}.Release (headless server)|x64.ActiveCfg = Debug|Win32
		{9944405A-74A3-443D-83A6-F4B9DBE23DB2}.Release (headless server)|x64.Build.0 = Debug|Win32
		{9944405A-74A3-443D-83A6-F4B9DBE23DB2}.Release (headless server)|x86.ActiveCfg = Debug|Win32
		{9944405A-74A3-443D-83A6-F4B9DBE23DB2}.Release (headless server)|x86.Build.0 = Debug|Win32
		{9944405A-74A3-443D-83A6-F4B9DBE23DB2}.Release (OpenGL)|x64.ActiveCfg = Debug|Win32
		{9944405A-74A3-443D-83A6-F4B9DBE23DB2}.Release (OpenGL)|x64.Build.0 = Debug|Win32
		{9944405A-74A3-443D-83A6-F4B9DBE23DB2}.Release (OpenGL)|x86.ActiveCfg = Debug|Win32
		{9944405A-74A3-443D-83A6-F4B9DBE23DB2}.Release (OpenGL)|x86.Build.0 = Debug|Win32
		{9944405A-74A3-443D-83A6-F4B9DBE23DB2}.Release (SDL)|x64.ActiveCfg = Debug|Win32
		{9944405A-74A3-443D-83A6-F4B9DBE23DB2}.Release (SDL)|x64.Build.0 = Debug|Win32
		{9944405A-74A3-443D-83A6-F4B9DBE23DB2}.Release (SDL)|x86.ActiveCfg = Debug|Win32
		{9944405A-74A3-443D-83A6-F4B9DBE23DB2}.Release (SDL)|x86.Build.0 = Debug|Win32
		{9944405A-74A3-443D-83A6-F4B9DBE23DB2}.Release (single threaded)|x64.ActiveCfg = Debug|Win32
		{9944405A-74A3-443D-83A6-F4B9DBE23DB2}.Release (single threaded)|x64.Build.0 = Debug|Win32
		{9944405A-74A3-443D-83A6-F4B9DBE23DB2}.Release (single threaded)|x86.ActiveCfg = Debug|Win32
		{9944405A-74A3-443D-83A6-F4B9DBE23DB2}.Release (single threaded)|x86.Build.0 = Debug|Win32
		{9944405A-74A3-443D-83A6-F4B9DBE23DB2}.Release|x64.ActiveCfg = Debug|Win32
		{9944405A-74A3-443D-83A6-F4B9DBE23DB2}.Release|x64.Build.0 = Debug|Win32
		{9944405A-74A3-443D-83A6-F4B9DBE23DB2}.Release|x86.ActiveCfg = Debug|Win32
		{9944405A-74A3-443D-83A6-F4B9DBE23DB2}.Release|x86.Build.0 = Debug|Win32
		{F6C54DC9-69F2-4897-87E9-2A4A9FB9F643}.Debug (headless server)|x64.ActiveCfg = Release|Win32
		{F6C54DC9-69F2-4897-87E9-2A4A9FB9F643}.Debug (headless server)|x64.Build.0 = Release|Win32
		{F6C54DC9-69F2-4897-87E9-2A4A9FB9F643}.Debug (headless server)|x86.ActiveCfg = Release|Win32
		{F6C54DC9-69F2-4897-87E9-2A4A9FB9F643}.Debug (headless server)|x86.Build.0 = Release|Win32
		{F6C54DC9-69F2-4897-87E9-2A4A9FB9F643}.Debug (no randomness)|x64.ActiveCfg = Release|Win32
		{F6C54DC9-69F2-4897-87E9-2A4A9FB9F643}.Debug (no randomness)|x64.Build.0 = Release|Win32
		{F6C54DC9-69F2-4897-87E9-2A4A9FB9F643}.Debug (no randomness)|x86.ActiveCfg = Release|Win32
		{F6C54DC9-69F2-4897-87E9-2A4A9FB9F643}.Debug (no randomness)|x86.Build.0 = Release|Win32
		{F6C54DC9-69F2-4897-87E9-2A4A9FB9F643}.Debug (OpenGL)|x64.ActiveCfg = Release|Win32
		{F6C54DC9-69F2-4897-87E9-2A4A9FB9F643}.Debug (OpenGL)|x64.Build.0 = Release|Win32
		{F6C54DC9-69F2-4897-87E9-2A4A9FB9F643}.Debug (OpenGL)|x86.ActiveCfg = Release|Win32
		{F6C54DC9-69F2-4897-87E9-2A4A9FB9F643}.Debug (OpenGL)|x86.Build.0 = Release|Win32
		{F6C54DC9-69F2-4897-87E9-2A4A9FB9F643}.Debug (Optimised)|x64.ActiveCfg = Release|Win32
		{F6C54DC9-69F2-4897-87E9-2A4A9FB9F643}.Debug (Optimised)|x64.Build.0 = Release|Win32
		{F6C54DC9-69F2-4897-87E9-2A4A9FB9F643}.Debug (Optimised)|x86.ActiveCfg = Release|Win32
		{F6C54DC9-69F2-4897-87E9-2A4A9FB9F643}.Debug (Optimised)|x86.Build.0 = Release|Win32
		{F6C54DC9-69F2-4897-87E9-2A4A9FB9F643}.Debug (SDL)|x64.ActiveCfg = Release|Win32
		{F6C54DC9-69F2-4897-87E9-2A4A9FB9F643}.Debug (SDL)|x64.Build.0 = Release|Win32
		{F6C54DC9-69F2-4897-87E9-2A4A9FB9F643}.Debug (SDL)|x86.ActiveCfg = Release|Win32
		{F6C54DC9-69F2-4897-87E9-2A4A9FB9F643}.Debug (SDL)|x86.Build.0 = Release|Win32
		{F6C54DC9-69F2-4897-87E9-2A4A9FB9F643}.Debug (SDL2)|x64.ActiveCfg = Release|Win32
		{F6C54DC9-69F2-4897-87E9-2A4A9FB9F643}.Debug (SDL2)|x64.Build.0 = Release|Win32
		{F6C54DC9-69F2-4897-87E9-2A4A9FB9F643}.Debug (SDL2)|x86.ActiveCfg = Release|Win32
		{F6C54DC9-69F2-4897-87E9-2A4A9FB9F643}.Debug (SDL2)|x86.Build.0 = Release|Win32
		{F6C54DC9-69F2-4897-87E9-2A4A9FB9F643}.Debug (single threaded)|x64.ActiveCfg = Release|Win32
		{F6C54DC9-69F2-4897-87E9-2A4A9FB9F643}.Debug (single threaded)|x64.Build.0 = Release|Win32
		{F6C54DC9-69F2-4897-87E9-2A4A9FB9F643}.Debug (single threaded)|x86.ActiveCfg = Release|Win32
		{F6C54DC9-69F2-4897-87E9-2A4A9FB9F643}.Debug (single threaded)|x86.Build.0 = Release|Win32
		{F6C54DC9-69F2-4897-87E9-2A4A9FB9F643}.Debug|x64.ActiveCfg = Release|Win32
		{F6C54DC9-69F2-4897-87E9-2A4A9FB9F643}.Debug|x64.Build.0 = Release|Win32
		{F6C54DC9-69F2-4897-87E9-2A4A9FB9F643}.Debug|x86.ActiveCfg = Release|Win32
		{F6C54DC9-69F2-4897-87E9-2A4A9FB9F643}.Debug|x86.Build.0 = Release|Win32
		{F6C54DC9-69F2-4897-87E9-2A4A9FB9F643}.Dr. Memory|x64.ActiveCfg = Release|Win32
		{F6C54DC9-69F2-4897-87E9-2A4A9FB9F643}.Dr. Memory|x64.Build.0 = Release|Win32
		{F6C54DC9-69F2-4897-87E9-2A4A9FB9F643}.Dr. Memory|x86.ActiveCfg = Release|Win32
		{F6C54DC9-69F2-4897-87E9-2A4A9FB9F643}.Dr. Memory|x86.Build.0 = Release|Win32
		{F6C54DC9-69F2-4897-87E9-2A4A9FB9F643}.Release (headless server)|x64.ActiveCfg = Release|Win32
		{F6C54DC9-69F2-4897-87E9-2A4A9FB9F643}.Release (headless server)|x64.Build.0 = Release|Win32
		{F6C54DC9-69F2-4897-87E9-2A4A9FB9F643}.Release (headless server)|x86.ActiveCfg = Release|Win32
		{F6C54DC9-69F2-4897-87E9-2A4A9FB9F643}.Release (headless server)|x86.Build.0 = Release|Win32
		{F6C54DC9-69F2-4897-87E9-2A4A9FB9F643}.Release (OpenGL)|x64.ActiveCfg = Release|Win32
		{F6C54DC9-69F2-4897-87E9-2A4A9FB9F643}.Release (OpenGL)|x64.Build.0 = Release|Win32
		{F6C54DC9-69F2-4897-87E9-2A4A9FB9F643}.Release (OpenGL)|x86.ActiveCfg = Release|Win32
		{F6C54DC9-69F2-4897-87E9-2A4A9FB9F643}.Release (OpenGL)|x86.Build.0 = Release|Win32
		{F6C54DC9-69F2-4897-87E9-2A4A9FB9F643}.Release (SDL)|x64.ActiveCfg = Release|Win32
		{F6C54DC9-69F2-4897-87E9-2A4A9FB9F643}.Release (SDL)|x64.Build.0 = Release|Win32
		{F6C54DC9-69F2-4897-87E9-2A4A9FB9F643}.Release (SDL)|x86.ActiveCfg = Release|Win32
		{F6C54DC9-69F2-4897-87E9-2A4A9FB9F643}.Release (SDL)|x86.Build.0 = Release|Win32
		{F6C54DC9-69F2-4897-87E9-2A4A9FB9F643}.Release (single threaded)|x64.ActiveCfg = Release|Win32
		{F6C54DC9-69F2-4897-87E9-2A4A9FB9F643}.Release (single threaded)|x64.Build.0 = Release|Win32
		{F6C54DC9-69F2-4897-87E9-2A4A9FB9F643}.Release (single threaded)|x86.ActiveCfg = Release|Win32
		{F6C54DC9-69F2-4897-87E9-2A4A9FB9F643}.Release (single threaded)|x86.Build.0 = Release|Win32
		{F6C54DC9-69F2-4897-87E9-2A4A9FB9F643}.Release|x64.ActiveCfg = Release|Win32
		{F6C54DC9-69F2-4897-87E9-2A4A9FB9F643}.Release|x64.Build.0 = Release|Win32
		{F6C54DC9-69F2-4897-87E9-2A4A9FB9F643}.Release|x86.ActiveCfg = Release|Win32
		{F6C54DC9-69F2-4897-87E9-2A4A9FB9F643}.Release|x86.Build.0 = Release|Win32
	EndGlobalSection
	GlobalSection(SolutionProperties) = preSolution
		HideSolutionNode = FALSE
	EndGlobalSection
	GlobalSection(ExtensibilityGlobals) = postSolution
		SolutionGuid = {8FB2487F-D062-420F-9E86-7CE30EF0B4F6}
	EndGlobalSection
EndGlobal
